// !$*UTF8*$!
{
	archiveVersion = 1;
	classes = {
	};
	objectVersion = 50;
	objects = {

/* Begin PBXBuildFile section */
		184E1F8B20E5E25B005C4097 /* AppDelegate.m in Sources */ = {isa = PBXBuildFile; fileRef = 184E1F8A20E5E25B005C4097 /* AppDelegate.m */; };
		184E1F9120E5E25B005C4097 /* Main.storyboard in Resources */ = {isa = PBXBuildFile; fileRef = 184E1F8F20E5E25B005C4097 /* Main.storyboard */; };
		184E1F9320E5E25D005C4097 /* Assets.xcassets in Resources */ = {isa = PBXBuildFile; fileRef = 184E1F9220E5E25D005C4097 /* Assets.xcassets */; };
		184E1F9620E5E25D005C4097 /* LaunchScreen.storyboard in Resources */ = {isa = PBXBuildFile; fileRef = 184E1F9420E5E25D005C4097 /* LaunchScreen.storyboard */; };
		184E1F9920E5E25D005C4097 /* main.m in Sources */ = {isa = PBXBuildFile; fileRef = 184E1F9820E5E25D005C4097 /* main.m */; };
		184E1FA120E5E396005C4097 /* TableViewController.m in Sources */ = {isa = PBXBuildFile; fileRef = 184E1FA020E5E396005C4097 /* TableViewController.m */; };
		184E1FA820E5E6B4005C4097 /* KVOTableViewController.m in Sources */ = {isa = PBXBuildFile; fileRef = 184E1FA720E5E6B4005C4097 /* KVOTableViewController.m */; };
		184E1FAB20E5E9EB005C4097 /* KVOBaseUseViewController.m in Sources */ = {isa = PBXBuildFile; fileRef = 184E1FAA20E5E9EB005C4097 /* KVOBaseUseViewController.m */; };
		184E1FAE20E62AF3005C4097 /* Person.m in Sources */ = {isa = PBXBuildFile; fileRef = 184E1FAD20E62AF2005C4097 /* Person.m */; };
/* End PBXBuildFile section */

/* Begin PBXFileReference section */
		184E1F8620E5E25B005C4097 /* Study.app */ = {isa = PBXFileReference; explicitFileType = wrapper.application; includeInIndex = 0; path = Study.app; sourceTree = BUILT_PRODUCTS_DIR; };
		184E1F8920E5E25B005C4097 /* AppDelegate.h */ = {isa = PBXFileReference; lastKnownFileType = sourcecode.c.h; path = AppDelegate.h; sourceTree = "<group>"; };
		184E1F8A20E5E25B005C4097 /* AppDelegate.m */ = {isa = PBXFileReference; lastKnownFileType = sourcecode.c.objc; path = AppDelegate.m; sourceTree = "<group>"; };
		184E1F9020E5E25B005C4097 /* Base */ = {isa = PBXFileReference; lastKnownFileType = file.storyboard; name = Base; path = Base.lproj/Main.storyboard; sourceTree = "<group>"; };
		184E1F9220E5E25D005C4097 /* Assets.xcassets */ = {isa = PBXFileReference; lastKnownFileType = folder.assetcatalog; path = Assets.xcassets; sourceTree = "<group>"; };
		184E1F9520E5E25D005C4097 /* Base */ = {isa = PBXFileReference; lastKnownFileType = file.storyboard; name = Base; path = Base.lproj/LaunchScreen.storyboard; sourceTree = "<group>"; };
		184E1F9720E5E25D005C4097 /* Info.plist */ = {isa = PBXFileReference; lastKnownFileType = text.plist.xml; path = Info.plist; sourceTree = "<group>"; };
		184E1F9820E5E25D005C4097 /* main.m */ = {isa = PBXFileReference; lastKnownFileType = sourcecode.c.objc; path = main.m; sourceTree = "<group>"; };
		184E1F9F20E5E396005C4097 /* TableViewController.h */ = {isa = PBXFileReference; lastKnownFileType = sourcecode.c.h; path = TableViewController.h; sourceTree = "<group>"; };
		184E1FA020E5E396005C4097 /* TableViewController.m */ = {isa = PBXFileReference; lastKnownFileType = sourcecode.c.objc; path = TableViewController.m; sourceTree = "<group>"; };
		184E1FA620E5E6B4005C4097 /* KVOTableViewController.h */ = {isa = PBXFileReference; lastKnownFileType = sourcecode.c.h; path = KVOTableViewController.h; sourceTree = "<group>"; };
		184E1FA720E5E6B4005C4097 /* KVOTableViewController.m */ = {isa = PBXFileReference; lastKnownFileType = sourcecode.c.objc; path = KVOTableViewController.m; sourceTree = "<group>"; };
		184E1FA920E5E9EB005C4097 /* KVOBaseUseViewController.h */ = {isa = PBXFileReference; lastKnownFileType = sourcecode.c.h; path = KVOBaseUseViewController.h; sourceTree = "<group>"; };
		184E1FAA20E5E9EB005C4097 /* KVOBaseUseViewController.m */ = {isa = PBXFileReference; lastKnownFileType = sourcecode.c.objc; path = KVOBaseUseViewController.m; sourceTree = "<group>"; };
		184E1FAC20E62AF2005C4097 /* Person.h */ = {isa = PBXFileReference; lastKnownFileType = sourcecode.c.h; path = Person.h; sourceTree = "<group>"; };
		184E1FAD20E62AF2005C4097 /* Person.m */ = {isa = PBXFileReference; lastKnownFileType = sourcecode.c.objc; path = Person.m; sourceTree = "<group>"; };
/* End PBXFileReference section */

/* Begin PBXFrameworksBuildPhase section */
		184E1F8320E5E25B005C4097 /* Frameworks */ = {
			isa = PBXFrameworksBuildPhase;
			buildActionMask = 2147483647;
			files = (
			);
			runOnlyForDeploymentPostprocessing = 0;
		};
/* End PBXFrameworksBuildPhase section */

/* Begin PBXGroup section */
		184E1F7D20E5E25B005C4097 = {
			isa = PBXGroup;
			children = (
				184E1F8820E5E25B005C4097 /* Study */,
				184E1F8720E5E25B005C4097 /* Products */,
			);
			sourceTree = "<group>";
		};
		184E1F8720E5E25B005C4097 /* Products */ = {
			isa = PBXGroup;
			children = (
				184E1F8620E5E25B005C4097 /* Study.app */,
			);
			name = Products;
			sourceTree = "<group>";
		};
		184E1F8820E5E25B005C4097 /* Study */ = {
			isa = PBXGroup;
			children = (
				184E1F8920E5E25B005C4097 /* AppDelegate.h */,
				184E1F8A20E5E25B005C4097 /* AppDelegate.m */,
				184E1F9F20E5E396005C4097 /* TableViewController.h */,
				184E1FA020E5E396005C4097 /* TableViewController.m */,
				184E1FA220E5E63D005C4097 /* KVO */,
				184E1F8F20E5E25B005C4097 /* Main.storyboard */,
				184E1F9220E5E25D005C4097 /* Assets.xcassets */,
				184E1F9420E5E25D005C4097 /* LaunchScreen.storyboard */,
				184E1F9720E5E25D005C4097 /* Info.plist */,
				184E1F9820E5E25D005C4097 /* main.m */,
			);
			path = Study;
			sourceTree = "<group>";
		};
		184E1FA220E5E63D005C4097 /* KVO */ = {
			isa = PBXGroup;
			children = (
				184E1FA620E5E6B4005C4097 /* KVOTableViewController.h */,
				184E1FA720E5E6B4005C4097 /* KVOTableViewController.m */,
				184E1FA920E5E9EB005C4097 /* KVOBaseUseViewController.h */,
				184E1FAA20E5E9EB005C4097 /* KVOBaseUseViewController.m */,
				184E1FAC20E62AF2005C4097 /* Person.h */,
				184E1FAD20E62AF2005C4097 /* Person.m */,
			);
			path = KVO;
			sourceTree = "<group>";
		};
/* End PBXGroup section */

/* Begin PBXNativeTarget section */
		184E1F8520E5E25B005C4097 /* Study */ = {
			isa = PBXNativeTarget;
			buildConfigurationList = 184E1F9C20E5E25D005C4097 /* Build configuration list for PBXNativeTarget "Study" */;
			buildPhases = (
				184E1F8220E5E25B005C4097 /* Sources */,
				184E1F8320E5E25B005C4097 /* Frameworks */,
				184E1F8420E5E25B005C4097 /* Resources */,
			);
			buildRules = (
			);
			dependencies = (
			);
			name = Study;
			productName = Study;
			productReference = 184E1F8620E5E25B005C4097 /* Study.app */;
			productType = "com.apple.product-type.application";
		};
/* End PBXNativeTarget section */

/* Begin PBXProject section */
		184E1F7E20E5E25B005C4097 /* Project object */ = {
			isa = PBXProject;
			attributes = {
				CLASSPREFIX = "";
				LastUpgradeCheck = 0940;
				ORGANIZATIONNAME = "王红庆";
				TargetAttributes = {
					184E1F8520E5E25B005C4097 = {
						CreatedOnToolsVersion = 9.4.1;
					};
				};
			};
			buildConfigurationList = 184E1F8120E5E25B005C4097 /* Build configuration list for PBXProject "Study" */;
			compatibilityVersion = "Xcode 9.3";
			developmentRegion = en;
			hasScannedForEncodings = 0;
			knownRegions = (
				en,
				Base,
			);
			mainGroup = 184E1F7D20E5E25B005C4097;
			productRefGroup = 184E1F8720E5E25B005C4097 /* Products */;
			projectDirPath = "";
			projectRoot = "";
			targets = (
				184E1F8520E5E25B005C4097 /* Study */,
			);
		};
/* End PBXProject section */

/* Begin PBXResourcesBuildPhase section */
		184E1F8420E5E25B005C4097 /* Resources */ = {
			isa = PBXResourcesBuildPhase;
			buildActionMask = 2147483647;
			files = (
				184E1F9620E5E25D005C4097 /* LaunchScreen.storyboard in Resources */,
				184E1F9320E5E25D005C4097 /* Assets.xcassets in Resources */,
				184E1F9120E5E25B005C4097 /* Main.storyboard in Resources */,
			);
			runOnlyForDeploymentPostprocessing = 0;
		};
/* End PBXResourcesBuildPhase section */

/* Begin PBXSourcesBuildPhase section */
		184E1F8220E5E25B005C4097 /* Sources */ = {
			isa = PBXSourcesBuildPhase;
			buildActionMask = 2147483647;
			files = (
				184E1FAE20E62AF3005C4097 /* Person.m in Sources */,
				184E1FAB20E5E9EB005C4097 /* KVOBaseUseViewController.m in Sources */,
				184E1F9920E5E25D005C4097 /* main.m in Sources */,
				184E1FA120E5E396005C4097 /* TableViewController.m in Sources */,
				184E1FA820E5E6B4005C4097 /* KVOTableViewController.m in Sources */,
				184E1F8B20E5E25B005C4097 /* AppDelegate.m in Sources */,
			);
			runOnlyForDeploymentPostprocessing = 0;
		};
/* End PBXSourcesBuildPhase section */

/* Begin PBXVariantGroup section */
		184E1F8F20E5E25B005C4097 /* Main.storyboard */ = {
			isa = PBXVariantGroup;
			children = (
				184E1F9020E5E25B005C4097 /* Base */,
			);
			name = Main.storyboard;
			sourceTree = "<group>";
		};
		184E1F9420E5E25D005C4097 /* LaunchScreen.storyboard */ = {
			isa = PBXVariantGroup;
			children = (
				184E1F9520E5E25D005C4097 /* Base */,
			);
			name = LaunchScreen.storyboard;
			sourceTree = "<group>";
		};
/* End PBXVariantGroup section */

/* Begin XCBuildConfiguration section */
		184E1F9A20E5E25D005C4097 /* Debug */ = {
			isa = XCBuildConfiguration;
			buildSettings = {
				ALWAYS_SEARCH_USER_PATHS = NO;
				CLANG_ANALYZER_NONNULL = YES;
				CLANG_ANALYZER_NUMBER_OBJECT_CONVERSION = YES_AGGRESSIVE;
				CLANG_CXX_LANGUAGE_STANDARD = "gnu++14";
				CLANG_CXX_LIBRARY = "libc++";
				CLANG_ENABLE_MODULES = YES;
				CLANG_ENABLE_OBJC_ARC = YES;
				CLANG_ENABLE_OBJC_WEAK = YES;
				CLANG_WARN_BLOCK_CAPTURE_AUTORELEASING = YES;
				CLANG_WARN_BOOL_CONVERSION = YES;
				CLANG_WARN_COMMA = YES;
				CLANG_WARN_CONSTANT_CONVERSION = YES;
				CLANG_WARN_DEPRECATED_OBJC_IMPLEMENTATIONS = YES;
				CLANG_WARN_DIRECT_OBJC_ISA_USAGE = YES_ERROR;
				CLANG_WARN_DOCUMENTATION_COMMENTS = YES;
				CLANG_WARN_EMPTY_BODY = YES;
				CLANG_WARN_ENUM_CONVERSION = YES;
				CLANG_WARN_INFINITE_RECURSION = YES;
				CLANG_WARN_INT_CONVERSION = YES;
				CLANG_WARN_NON_LITERAL_NULL_CONVERSION = YES;
				CLANG_WARN_OBJC_IMPLICIT_RETAIN_SELF = YES;
				CLANG_WARN_OBJC_LITERAL_CONVERSION = YES;
				CLANG_WARN_OBJC_ROOT_CLASS = YES_ERROR;
				CLANG_WARN_RANGE_LOOP_ANALYSIS = YES;
				CLANG_WARN_STRICT_PROTOTYPES = YES;
				CLANG_WARN_SUSPICIOUS_MOVE = YES;
				CLANG_WARN_UNGUARDED_AVAILABILITY = YES_AGGRESSIVE;
				CLANG_WARN_UNREACHABLE_CODE = YES;
				CLANG_WARN__DUPLICATE_METHOD_MATCH = YES;
				CODE_SIGN_IDENTITY = "iPhone Developer";
				COPY_PHASE_STRIP = NO;
				DEBUG_INFORMATION_FORMAT = dwarf;
				ENABLE_STRICT_OBJC_MSGSEND = YES;
				ENABLE_TESTABILITY = YES;
				GCC_C_LANGUAGE_STANDARD = gnu11;
				GCC_DYNAMIC_NO_PIC = NO;
				GCC_NO_COMMON_BLOCKS = YES;
				GCC_OPTIMIZATION_LEVEL = 0;
				GCC_PREPROCESSOR_DEFINITIONS = (
					"DEBUG=1",
					"$(inherited)",
				);
				GCC_WARN_64_TO_32_BIT_CONVERSION = YES;
				GCC_WARN_ABOUT_RETURN_TYPE = YES_ERROR;
				GCC_WARN_UNDECLARED_SELECTOR = YES;
				GCC_WARN_UNINITIALIZED_AUTOS = YES_AGGRESSIVE;
				GCC_WARN_UNUSED_FUNCTION = YES;
				GCC_WARN_UNUSED_VARIABLE = YES;
				IPHONEOS_DEPLOYMENT_TARGET = 11.4;
				MTL_ENABLE_DEBUG_INFO = YES;
				ONLY_ACTIVE_ARCH = YES;
				SDKROOT = iphoneos;
			};
			name = Debug;
		};
		184E1F9B20E5E25D005C4097 /* Release */ = {
			isa = XCBuildConfiguration;
			buildSettings = {
				ALWAYS_SEARCH_USER_PATHS = NO;
				CLANG_ANALYZER_NONNULL = YES;
				CLANG_ANALYZER_NUMBER_OBJECT_CONVERSION = YES_AGGRESSIVE;
				CLANG_CXX_LANGUAGE_STANDARD = "gnu++14";
				CLANG_CXX_LIBRARY = "libc++";
				CLANG_ENABLE_MODULES = YES;
				CLANG_ENABLE_OBJC_ARC = YES;
				CLANG_ENABLE_OBJC_WEAK = YES;
				CLANG_WARN_BLOCK_CAPTURE_AUTORELEASING = YES;
				CLANG_WARN_BOOL_CONVERSION = YES;
				CLANG_WARN_COMMA = YES;
				CLANG_WARN_CONSTANT_CONVERSION = YES;
				CLANG_WARN_DEPRECATED_OBJC_IMPLEMENTATIONS = YES;
				CLANG_WARN_DIRECT_OBJC_ISA_USAGE = YES_ERROR;
				CLANG_WARN_DOCUMENTATION_COMMENTS = YES;
				CLANG_WARN_EMPTY_BODY = YES;
				CLANG_WARN_ENUM_CONVERSION = YES;
				CLANG_WARN_INFINITE_RECURSION = YES;
				CLANG_WARN_INT_CONVERSION = YES;
				CLANG_WARN_NON_LITERAL_NULL_CONVERSION = YES;
				CLANG_WARN_OBJC_IMPLICIT_RETAIN_SELF = YES;
				CLANG_WARN_OBJC_LITERAL_CONVERSION = YES;
				CLANG_WARN_OBJC_ROOT_CLASS = YES_ERROR;
				CLANG_WARN_RANGE_LOOP_ANALYSIS = YES;
				CLANG_WARN_STRICT_PROTOTYPES = YES;
				CLANG_WARN_SUSPICIOUS_MOVE = YES;
				CLANG_WARN_UNGUARDED_AVAILABILITY = YES_AGGRESSIVE;
				CLANG_WARN_UNREACHABLE_CODE = YES;
				CLANG_WARN__DUPLICATE_METHOD_MATCH = YES;
				CODE_SIGN_IDENTITY = "iPhone Developer";
				COPY_PHASE_STRIP = NO;
				DEBUG_INFORMATION_FORMAT = "dwarf-with-dsym";
				ENABLE_NS_ASSERTIONS = NO;
				ENABLE_STRICT_OBJC_MSGSEND = YES;
				GCC_C_LANGUAGE_STANDARD = gnu11;
				GCC_NO_COMMON_BLOCKS = YES;
				GCC_WARN_64_TO_32_BIT_CONVERSION = YES;
				GCC_WARN_ABOUT_RETURN_TYPE = YES_ERROR;
				GCC_WARN_UNDECLARED_SELECTOR = YES;
				GCC_WARN_UNINITIALIZED_AUTOS = YES_AGGRESSIVE;
				GCC_WARN_UNUSED_FUNCTION = YES;
				GCC_WARN_UNUSED_VARIABLE = YES;
				IPHONEOS_DEPLOYMENT_TARGET = 11.4;
				MTL_ENABLE_DEBUG_INFO = NO;
				SDKROOT = iphoneos;
				VALIDATE_PRODUCT = YES;
			};
			name = Release;
		};
		184E1F9D20E5E25D005C4097 /* Debug */ = {
			isa = XCBuildConfiguration;
			buildSettings = {
				ASSETCATALOG_COMPILER_APPICON_NAME = AppIcon;
				CODE_SIGN_STYLE = Automatic;
				INFOPLIST_FILE = Study/Info.plist;
				LD_RUNPATH_SEARCH_PATHS = (
					"$(inherited)",
					"@executable_path/Frameworks",
				);
				PRODUCT_BUNDLE_IDENTIFIER = com.HNAGroup.Unicare.Study;
				PRODUCT_NAME = "$(TARGET_NAME)";
				TARGETED_DEVICE_FAMILY = "1,2";
			};
			name = Debug;
		};
		184E1F9E20E5E25D005C4097 /* Release */ = {
			isa = XCBuildConfiguration;
			buildSettings = {
				ASSETCATALOG_COMPILER_APPICON_NAME = AppIcon;
				CODE_SIGN_STYLE = Automatic;
				INFOPLIST_FILE = Study/Info.plist;
				LD_RUNPATH_SEARCH_PATHS = (
					"$(inherited)",
					"@executable_path/Frameworks",
				);
				PRODUCT_BUNDLE_IDENTIFIER = com.HNAGroup.Unicare.Study;
				PRODUCT_NAME = "$(TARGET_NAME)";
				TARGETED_DEVICE_FAMILY = "1,2";
			};
			name = Release;
		};
/* End XCBuildConfiguration section */

/* Begin XCConfigurationList section */
		184E1F8120E5E25B005C4097 /* Build configuration list for PBXProject "Study" */ = {
			isa = XCConfigurationList;
			buildConfigurations = (
				184E1F9A20E5E25D005C4097 /* Debug */,
				184E1F9B20E5E25D005C4097 /* Release */,
			);
			defaultConfigurationIsVisible = 0;
			defaultConfigurationName = Release;
		};
		184E1F9C20E5E25D005C4097 /* Build configuration list for PBXNativeTarget "Study" */ = {
			isa = XCConfigurationList;
			buildConfigurations = (
				184E1F9D20E5E25D005C4097 /* Debug */,
				184E1F9E20E5E25D005C4097 /* Release */,
			);
			defaultConfigurationIsVisible = 0;
			defaultConfigurationName = Release;
		};
/* End XCConfigurationList section */
	};
	rootObject = 184E1F7E20E5E25B005C4097 /* Project object */;
}
